// !$*UTF8*$!
{
	archiveVersion = 1;
	classes = {
	};
	objectVersion = 50;
	objects = {

/* Begin PBXBuildFile section */
		A008AE75207A5B2C00BBD9FB /* AppDelegate.swift in Sources */ = {isa = PBXBuildFile; fileRef = A008AE74207A5B2C00BBD9FB /* AppDelegate.swift */; };
		A008AE77207A5B2C00BBD9FB /* ViewController.swift in Sources */ = {isa = PBXBuildFile; fileRef = A008AE76207A5B2C00BBD9FB /* ViewController.swift */; };
		A008AE7A207A5B2C00BBD9FB /* Main.storyboard in Resources */ = {isa = PBXBuildFile; fileRef = A008AE78207A5B2C00BBD9FB /* Main.storyboard */; };
		A008AE7C207A5B2D00BBD9FB /* Assets.xcassets in Resources */ = {isa = PBXBuildFile; fileRef = A008AE7B207A5B2D00BBD9FB /* Assets.xcassets */; };
		A008AE7F207A5B2D00BBD9FB /* LaunchScreen.storyboard in Resources */ = {isa = PBXBuildFile; fileRef = A008AE7D207A5B2D00BBD9FB /* LaunchScreen.storyboard */; };
		A008AE87207A679300BBD9FB /* Guess1A2BViewController.swift in Sources */ = {isa = PBXBuildFile; fileRef = A008AE86207A679300BBD9FB /* Guess1A2BViewController.swift */; };
		A008AE89207A785200BBD9FB /* GuessNumberViewController.swift in Sources */ = {isa = PBXBuildFile; fileRef = A008AE88207A785200BBD9FB /* GuessNumberViewController.swift */; };
/* End PBXBuildFile section */

/* Begin PBXFileReference section */
		A008AE71207A5B2C00BBD9FB /* DemoNumberGame.app */ = {isa = PBXFileReference; explicitFileType = wrapper.application; includeInIndex = 0; path = DemoNumberGame.app; sourceTree = BUILT_PRODUCTS_DIR; };
		A008AE74207A5B2C00BBD9FB /* AppDelegate.swift */ = {isa = PBXFileReference; lastKnownFileType = sourcecode.swift; path = AppDelegate.swift; sourceTree = "<group>"; };
		A008AE76207A5B2C00BBD9FB /* ViewController.swift */ = {isa = PBXFileReference; lastKnownFileType = sourcecode.swift; path = ViewController.swift; sourceTree = "<group>"; };
		A008AE79207A5B2C00BBD9FB /* Base */ = {isa = PBXFileReference; lastKnownFileType = file.storyboard; name = Base; path = Base.lproj/Main.storyboard; sourceTree = "<group>"; };
		A008AE7B207A5B2D00BBD9FB /* Assets.xcassets */ = {isa = PBXFileReference; lastKnownFileType = folder.assetcatalog; path = Assets.xcassets; sourceTree = "<group>"; };
		A008AE7E207A5B2D00BBD9FB /* Base */ = {isa = PBXFileReference; lastKnownFileType = file.storyboard; name = Base; path = Base.lproj/LaunchScreen.storyboard; sourceTree = "<group>"; };
		A008AE80207A5B2D00BBD9FB /* Info.plist */ = {isa = PBXFileReference; lastKnownFileType = text.plist.xml; path = Info.plist; sourceTree = "<group>"; };
		A008AE86207A679300BBD9FB /* Guess1A2BViewController.swift */ = {isa = PBXFileReference; lastKnownFileType = sourcecode.swift; path = Guess1A2BViewController.swift; sourceTree = "<group>"; };
		A008AE88207A785200BBD9FB /* GuessNumberViewController.swift */ = {isa = PBXFileReference; lastKnownFileType = sourcecode.swift; path = GuessNumberViewController.swift; sourceTree = "<group>"; };
/* End PBXFileReference section */

/* Begin PBXFrameworksBuildPhase section */
		A008AE6E207A5B2C00BBD9FB /* Frameworks */ = {
			isa = PBXFrameworksBuildPhase;
			buildActionMask = 2147483647;
			files = (
			);
			runOnlyForDeploymentPostprocessing = 0;
		};
/* End PBXFrameworksBuildPhase section */

/* Begin PBXGroup section */
		A008AE68207A5B2B00BBD9FB = {
			isa = PBXGroup;
			children = (
				A008AE73207A5B2C00BBD9FB /* DemoNumberGame */,
				A008AE72207A5B2C00BBD9FB /* Products */,
			);
			sourceTree = "<group>";
		};
		A008AE72207A5B2C00BBD9FB /* Products */ = {
			isa = PBXGroup;
			children = (
				A008AE71207A5B2C00BBD9FB /* DemoNumberGame.app */,
			);
			name = Products;
			sourceTree = "<group>";
		};
		A008AE73207A5B2C00BBD9FB /* DemoNumberGame */ = {
			isa = PBXGroup;
			children = (
				A008AE74207A5B2C00BBD9FB /* AppDelegate.swift */,
				A008AE76207A5B2C00BBD9FB /* ViewController.swift */,
				A008AE78207A5B2C00BBD9FB /* Main.storyboard */,
				A008AE88207A785200BBD9FB /* GuessNumberViewController.swift */,
				A008AE86207A679300BBD9FB /* Guess1A2BViewController.swift */,
				A008AE7B207A5B2D00BBD9FB /* Assets.xcassets */,
				A008AE7D207A5B2D00BBD9FB /* LaunchScreen.storyboard */,
				A008AE80207A5B2D00BBD9FB /* Info.plist */,
			);
			path = DemoNumberGame;
			sourceTree = "<group>";
		};
/* End PBXGroup section */

/* Begin PBXNativeTarget section */
		A008AE70207A5B2C00BBD9FB /* DemoNumberGame */ = {
			isa = PBXNativeTarget;
			buildConfigurationList = A008AE83207A5B2D00BBD9FB /* Build configuration list for PBXNativeTarget "DemoNumberGame" */;
			buildPhases = (
				A008AE6D207A5B2C00BBD9FB /* Sources */,
				A008AE6E207A5B2C00BBD9FB /* Frameworks */,
				A008AE6F207A5B2C00BBD9FB /* Resources */,
			);
			buildRules = (
			);
			dependencies = (
			);
			name = DemoNumberGame;
			productName = DemoNumberGame;
			productReference = A008AE71207A5B2C00BBD9FB /* DemoNumberGame.app */;
			productType = "com.apple.product-type.application";
		};
/* End PBXNativeTarget section */

/* Begin PBXProject section */
		A008AE69207A5B2B00BBD9FB /* Project object */ = {
			isa = PBXProject;
			attributes = {
				LastSwiftUpdateCheck = 0930;
				LastUpgradeCheck = 0930;
				ORGANIZATIONNAME = "Chao Shin";
				TargetAttributes = {
					A008AE70207A5B2C00BBD9FB = {
						CreatedOnToolsVersion = 9.3;
					};
				};
			};
			buildConfigurationList = A008AE6C207A5B2B00BBD9FB /* Build configuration list for PBXProject "DemoNumberGame" */;
			compatibilityVersion = "Xcode 9.3";
			developmentRegion = en;
			hasScannedForEncodings = 0;
			knownRegions = (
				en,
				Base,
			);
			mainGroup = A008AE68207A5B2B00BBD9FB;
			productRefGroup = A008AE72207A5B2C00BBD9FB /* Products */;
			projectDirPath = "";
			projectRoot = "";
			targets = (
				A008AE70207A5B2C00BBD9FB /* DemoNumberGame */,
			);
		};
/* End PBXProject section */

/* Begin PBXResourcesBuildPhase section */
		A008AE6F207A5B2C00BBD9FB /* Resources */ = {
			isa = PBXResourcesBuildPhase;
			buildActionMask = 2147483647;
			files = (
				A008AE7F207A5B2D00BBD9FB /* LaunchScreen.storyboard in Resources */,
				A008AE7C207A5B2D00BBD9FB /* Assets.xcassets in Resources */,
				A008AE7A207A5B2C00BBD9FB /* Main.storyboard in Resources */,
			);
			runOnlyForDeploymentPostprocessing = 0;
		};
/* End PBXResourcesBuildPhase section */

/* Begin PBXSourcesBuildPhase section */
		A008AE6D207A5B2C00BBD9FB /* Sources */ = {
			isa = PBXSourcesBuildPhase;
			buildActionMask = 2147483647;
			files = (
				A008AE77207A5B2C00BBD9FB /* ViewController.swift in Sources */,
				A008AE89207A785200BBD9FB /* GuessNumberViewController.swift in Sources */,
				A008AE87207A679300BBD9FB /* Guess1A2BViewController.swift in Sources */,
				A008AE75207A5B2C00BBD9FB /* AppDelegate.swift in Sources */,
			);
			runOnlyForDeploymentPostprocessing = 0;
		};
/* End PBXSourcesBuildPhase section */

/* Begin PBXVariantGroup section */
		A008AE78207A5B2C00BBD9FB /* Main.storyboard */ = {
			isa = PBXVariantGroup;
			children = (
				A008AE79207A5B2C00BBD9FB /* Base */,
			);
			name = Main.storyboard;
			sourceTree = "<group>";
		};
		A008AE7D207A5B2D00BBD9FB /* LaunchScreen.storyboard */ = {
			isa = PBXVariantGroup;
			children = (
				A008AE7E207A5B2D00BBD9FB /* Base */,
			);
			name = LaunchScreen.storyboard;
			sourceTree = "<group>";
		};
/* End PBXVariantGroup section */

/* Begin XCBuildConfiguration section */
		A008AE81207A5B2D00BBD9FB /* Debug */ = {
			isa = XCBuildConfiguration;
			buildSettings = {
				ALWAYS_SEARCH_USER_PATHS = NO;
				CLANG_ANALYZER_NONNULL = YES;
				CLANG_ANALYZER_NUMBER_OBJECT_CONVERSION = YES_AGGRESSIVE;
				CLANG_CXX_LANGUAGE_STANDARD = "gnu++14";
				CLANG_CXX_LIBRARY = "libc++";
				CLANG_ENABLE_MODULES = YES;
				CLANG_ENABLE_OBJC_ARC = YES;
				CLANG_ENABLE_OBJC_WEAK = YES;
				CLANG_WARN_BLOCK_CAPTURE_AUTORELEASING = YES;
				CLANG_WARN_BOOL_CONVERSION = YES;
				CLANG_WARN_COMMA = YES;
				CLANG_WARN_CONSTANT_CONVERSION = YES;
				CLANG_WARN_DEPRECATED_OBJC_IMPLEMENTATIONS = YES;
				CLANG_WARN_DIRECT_OBJC_ISA_USAGE = YES_ERROR;
				CLANG_WARN_DOCUMENTATION_COMMENTS = YES;
				CLANG_WARN_EMPTY_BODY = YES;
				CLANG_WARN_ENUM_CONVERSION = YES;
				CLANG_WARN_INFINITE_RECURSION = YES;
				CLANG_WARN_INT_CONVERSION = YES;
				CLANG_WARN_NON_LITERAL_NULL_CONVERSION = YES;
				CLANG_WARN_OBJC_IMPLICIT_RETAIN_SELF = YES;
				CLANG_WARN_OBJC_LITERAL_CONVERSION = YES;
				CLANG_WARN_OBJC_ROOT_CLASS = YES_ERROR;
				CLANG_WARN_RANGE_LOOP_ANALYSIS = YES;
				CLANG_WARN_STRICT_PROTOTYPES = YES;
				CLANG_WARN_SUSPICIOUS_MOVE = YES;
				CLANG_WARN_UNGUARDED_AVAILABILITY = YES_AGGRESSIVE;
				CLANG_WARN_UNREACHABLE_CODE = YES;
				CLANG_WARN__DUPLICATE_METHOD_MATCH = YES;
				CODE_SIGN_IDENTITY = "iPhone Developer";
				COPY_PHASE_STRIP = NO;
				DEBUG_INFORMATION_FORMAT = dwarf;
				ENABLE_STRICT_OBJC_MSGSEND = YES;
				ENABLE_TESTABILITY = YES;
				GCC_C_LANGUAGE_STANDARD = gnu11;
				GCC_DYNAMIC_NO_PIC = NO;
				GCC_NO_COMMON_BLOCKS = YES;
				GCC_OPTIMIZATION_LEVEL = 0;
				GCC_PREPROCESSOR_DEFINITIONS = (
					"DEBUG=1",
					"$(inherited)",
				);
				GCC_WARN_64_TO_32_BIT_CONVERSION = YES;
				GCC_WARN_ABOUT_RETURN_TYPE = YES_ERROR;
				GCC_WARN_UNDECLARED_SELECTOR = YES;
				GCC_WARN_UNINITIALIZED_AUTOS = YES_AGGRESSIVE;
				GCC_WARN_UNUSED_FUNCTION = YES;
				GCC_WARN_UNUSED_VARIABLE = YES;
				IPHONEOS_DEPLOYMENT_TARGET = 11.3;
				MTL_ENABLE_DEBUG_INFO = YES;
				ONLY_ACTIVE_ARCH = YES;
				SDKROOT = iphoneos;
				SWIFT_ACTIVE_COMPILATION_CONDITIONS = DEBUG;
				SWIFT_OPTIMIZATION_LEVEL = "-Onone";
			};
			name = Debug;
		};
		A008AE82207A5B2D00BBD9FB /* Release */ = {
			isa = XCBuildConfiguration;
			buildSettings = {
				ALWAYS_SEARCH_USER_PATHS = NO;
				CLANG_ANALYZER_NONNULL = YES;
				CLANG_ANALYZER_NUMBER_OBJECT_CONVERSION = YES_AGGRESSIVE;
				CLANG_CXX_LANGUAGE_STANDARD = "gnu++14";
				CLANG_CXX_LIBRARY = "libc++";
				CLANG_ENABLE_MODULES = YES;
				CLANG_ENABLE_OBJC_ARC = YES;
				CLANG_ENABLE_OBJC_WEAK = YES;
				CLANG_WARN_BLOCK_CAPTURE_AUTORELEASING = YES;
				CLANG_WARN_BOOL_CONVERSION = YES;
				CLANG_WARN_COMMA = YES;
				CLANG_WARN_CONSTANT_CONVERSION = YES;
				CLANG_WARN_DEPRECATED_OBJC_IMPLEMENTATIONS = YES;
				CLANG_WARN_DIRECT_OBJC_ISA_USAGE = YES_ERROR;
				CLANG_WARN_DOCUMENTATION_COMMENTS = YES;
				CLANG_WARN_EMPTY_BODY = YES;
				CLANG_WARN_ENUM_CONVERSION = YES;
				CLANG_WARN_INFINITE_RECURSION = YES;
				CLANG_WARN_INT_CONVERSION = YES;
				CLANG_WARN_NON_LITERAL_NULL_CONVERSION = YES;
				CLANG_WARN_OBJC_IMPLICIT_RETAIN_SELF = YES;
				CLANG_WARN_OBJC_LITERAL_CONVERSION = YES;
				CLANG_WARN_OBJC_ROOT_CLASS = YES_ERROR;
				CLANG_WARN_RANGE_LOOP_ANALYSIS = YES;
				CLANG_WARN_STRICT_PROTOTYPES = YES;
				CLANG_WARN_SUSPICIOUS_MOVE = YES;
				CLANG_WARN_UNGUARDED_AVAILABILITY = YES_AGGRESSIVE;
				CLANG_WARN_UNREACHABLE_CODE = YES;
				CLANG_WARN__DUPLICATE_METHOD_MATCH = YES;
				CODE_SIGN_IDENTITY = "iPhone Developer";
				COPY_PHASE_STRIP = NO;
				DEBUG_INFORMATION_FORMAT = "dwarf-with-dsym";
				ENABLE_NS_ASSERTIONS = NO;
				ENABLE_STRICT_OBJC_MSGSEND = YES;
				GCC_C_LANGUAGE_STANDARD = gnu11;
				GCC_NO_COMMON_BLOCKS = YES;
				GCC_WARN_64_TO_32_BIT_CONVERSION = YES;
				GCC_WARN_ABOUT_RETURN_TYPE = YES_ERROR;
				GCC_WARN_UNDECLARED_SELECTOR = YES;
				GCC_WARN_UNINITIALIZED_AUTOS = YES_AGGRESSIVE;
				GCC_WARN_UNUSED_FUNCTION = YES;
				GCC_WARN_UNUSED_VARIABLE = YES;
				IPHONEOS_DEPLOYMENT_TARGET = 11.3;
				MTL_ENABLE_DEBUG_INFO = NO;
				SDKROOT = iphoneos;
				SWIFT_COMPILATION_MODE = wholemodule;
				SWIFT_OPTIMIZATION_LEVEL = "-O";
				VALIDATE_PRODUCT = YES;
			};
			name = Release;
		};
		A008AE84207A5B2D00BBD9FB /* Debug */ = {
			isa = XCBuildConfiguration;
			buildSettings = {
				ASSETCATALOG_COMPILER_APPICON_NAME = AppIcon;
				CODE_SIGN_STYLE = Automatic;
				INFOPLIST_FILE = DemoNumberGame/Info.plist;
				LD_RUNPATH_SEARCH_PATHS = (
					"$(inherited)",
					"@executable_path/Frameworks",
				);
				PRODUCT_BUNDLE_IDENTIFIER = "Dreams-Come-True.DemoNumberGame";
				PRODUCT_NAME = "$(TARGET_NAME)";
				SWIFT_VERSION = 4.0;
				TARGETED_DEVICE_FAMILY = "1,2";
			};
			name = Debug;
		};
		A008AE85207A5B2D00BBD9FB /* Release */ = {
			isa = XCBuildConfiguration;
			buildSettings = {
				ASSETCATALOG_COMPILER_APPICON_NAME = AppIcon;
				CODE_SIGN_STYLE = Automatic;
				INFOPLIST_FILE = DemoNumberGame/Info.plist;
				LD_RUNPATH_SEARCH_PATHS = (
					"$(inherited)",
					"@executable_path/Frameworks",
				);
				PRODUCT_BUNDLE_IDENTIFIER = "Dreams-Come-True.DemoNumberGame";
				PRODUCT_NAME = "$(TARGET_NAME)";
				SWIFT_VERSION = 4.0;
				TARGETED_DEVICE_FAMILY = "1,2";
			};
			name = Release;
		};
/* End XCBuildConfiguration section */

/* Begin XCConfigurationList section */
		A008AE6C207A5B2B00BBD9FB /* Build configuration list for PBXProject "DemoNumberGame" */ = {
			isa = XCConfigurationList;
			buildConfigurations = (
				A008AE81207A5B2D00BBD9FB /* Debug */,
				A008AE82207A5B2D00BBD9FB /* Release */,
			);
			defaultConfigurationIsVisible = 0;
			defaultConfigurationName = Release;
		};
		A008AE83207A5B2D00BBD9FB /* Build configuration list for PBXNativeTarget "DemoNumberGame" */ = {
			isa = XCConfigurationList;
			buildConfigurations = (
				A008AE84207A5B2D00BBD9FB /* Debug */,
				A008AE85207A5B2D00BBD9FB /* Release */,
			);
			defaultConfigurationIsVisible = 0;
			defaultConfigurationName = Release;
		};
/* End XCConfigurationList section */
	};
	rootObject = A008AE69207A5B2B00BBD9FB /* Project object */;
}
